
Microsoft Visual Studio Solution File, Format Version 12.00
# Visual Studio Version 17
VisualStudioVersion = 17.4.33213.308
MinimumVisualStudioVersion = 10.0.40219.1
Project("{FAE04EC0-301F-11D3-BF4B-00C04F79EFBC}") = "pumafuelbar", "pumafuelbar.csproj", "{5DD03D80-3833-4AE2-8D9B-056A07C99884}"
EndProject
Global
	GlobalSection(SolutionConfigurationPlatforms) = preSolution
		Debug|Any CPU = Debug|Any CPU
		Release|Any CPU = Release|Any CPU
	EndGlobalSection
	GlobalSection(ProjectConfigurationPlatforms) = postSolution
		{5DD03D80-3833-4AE2-8D9B-056A07C99884}.Debug|Any CPU.ActiveCfg = Debug|Any CPU
		{5DD03D80-3833-4AE2-8D9B-056A07C99884}.Debug|Any CPU.Build.0 = Debug|Any CPU
		{5DD03D80-3833-4AE2-8D9B-056A07C99884}.Release|Any CPU.ActiveCfg = Release|Any CPU
		{5DD03D80-3833-4AE2-8D9B-056A07C99884}.Release|Any CPU.Build.0 = Release|Any CPU
	EndGlobalSection
	GlobalSection(SolutionProperties) = preSolution
		HideSolutionNode = FALSE
	EndGlobalSection
	GlobalSection(ExtensibilityGlobals) = postSolution
		SolutionGuid = {3476E32E-34AE-4480-BDA5-C8CCDCE2F85A}
	EndGlobalSection
EndGlobal
